{
  "pins" : [
    {
      "identity" : "filemonitor",
      "kind" : "remoteSourceControl",
      "location" : "https://github.com/aus-der-Technik/FileMonitor.git",
      "state" : {
        "revision" : "5adbe8f2383eac5148475ef84977806bbd33e8d7",
        "version" : "1.2.1"
      }
    },
    {
      "identity" : "swiftffmpeg",
      "kind" : "remoteSourceControl",
      "location" : "https://github.com/sunlubo/SwiftFFmpeg",
      "state" : {
        "revision" : "e3621a95f90e106f3e7228737c718dfc8b580bc1",
        "version" : "1.6.0"
      }
    },
    {
      "identity" : "timecodekit",
      "kind" : "remoteSourceControl",
      "location" : "https://github.com/orchetect/TimecodeKit",
      "state" : {
        "revision" : "1014b5723a7eaa93eeb2ea2f52dfd9ea6eb6be0d",
        "version" : "2.3.3"
      }
    }
  ],
  "version" : 2
}
