{
  "originHash" : "818928efa58f351f5bb09e91f21e382221bffa139a444e39bbdde17dc4e978a6",
  "pins" : [
    {
      "identity" : "filemonitor",
      "kind" : "remoteSourceControl",
      "location" : "https://github.com/aus-der-Technik/FileMonitor.git",
      "state" : {
        "revision" : "5adbe8f2383eac5148475ef84977806bbd33e8d7",
        "version" : "1.2.1"
      }
    },
    {
      "identity" : "sparkle",
      "kind" : "remoteSourceControl",
      "location" : "https://github.com/sparkle-project/Sparkle",
      "state" : {
        "revision" : "9a1d2a19d3595fcf8d9c447173f9a1687b3dcadb",
        "version" : "2.8.0"
      }
    },
    {
      "identity" : "swiftffmpeg",
      "kind" : "remoteSourceControl",
      "location" : "https://github.com/sunlubo/SwiftFFmpeg",
      "state" : {
        "revision" : "e3621a95f90e106f3e7228737c718dfc8b580bc1",
        "version" : "1.6.0"
      }
    },
    {
      "identity" : "timecodekit",
      "kind" : "remoteSourceControl",
      "location" : "https://github.com/orchetect/TimecodeKit",
      "state" : {
        "revision" : "957fdaeda020396d150ee1afc7c5172791cb0ad5",
        "version" : "2.3.4"
      }
    }
  ],
  "version" : 3
}
